
Microsoft Visual Studio Solution File, Format Version 12.00
# Visual Studio 15
VisualStudioVersion = 15.0.28010.2050
MinimumVisualStudioVersion = 10.0.40219.1
Project("{FAE04EC0-301F-11D3-BF4B-00C04F79EFBC}") = "HelloWorld", "HelloWorld\HelloWorld.csproj", "{1707CC15-BEAB-45B1-BF91-E42F880F9EC1}"
EndProject
Global
	GlobalSection(SolutionConfigurationPlatforms) = preSolution
		Debug|Any CPU = Debug|Any CPU
		Release|Any CPU = Release|Any CPU
	EndGlobalSection
	GlobalSection(ProjectConfigurationPlatforms) = postSolution
		{1707CC15-BEAB-45B1-BF91-E42F880F9EC1}.Debug|Any CPU.ActiveCfg = Debug|Any CPU
		{1707CC15-BEAB-45B1-BF91-E42F880F9EC1}.Debug|Any CPU.Build.0 = Debug|Any CPU
		{1707CC15-BEAB-45B1-BF91-E42F880F9EC1}.Release|Any CPU.ActiveCfg = Release|Any CPU
		{1707CC15-BEAB-45B1-BF91-E42F880F9EC1}.Release|Any CPU.Build.0 = Release|Any CPU
	EndGlobalSection
	GlobalSection(SolutionProperties) = preSolution
		HideSolutionNode = FALSE
	EndGlobalSection
	GlobalSection(ExtensibilityGlobals) = postSolution
		SolutionGuid = {05B839CD-254F-4259-A6AD-00867CE50943}
	EndGlobalSection
EndGlobal
